// !$*UTF8*$!
{
	archiveVersion = 1;
	classes = {
	};
	objectVersion = 56;
	objects = {

/* Begin PBXBuildFile section */
		016F9DDE2BD6B44600DCC3AF /* GoogleService-Info.plist in Resources */ = {isa = PBXBuildFile; fileRef = 016F9DDD2BD6B44600DCC3AF /* GoogleService-Info.plist */; };
		016F9DE12BD6C87200DCC3AF /* FirebaseAnalytics in Frameworks */ = {isa = PBXBuildFile; productRef = 016F9DE02BD6C87200DCC3AF /* FirebaseAnalytics */; };
		016F9DE32BD6C87200DCC3AF /* FirebaseAnalyticsOnDeviceConversion in Frameworks */ = {isa = PBXBuildFile; productRef = 016F9DE22BD6C87200DCC3AF /* FirebaseAnalyticsOnDeviceConversion */; };
		016F9DE52BD6C87200DCC3AF /* FirebaseAnalyticsSwift in Frameworks */ = {isa = PBXBuildFile; productRef = 016F9DE42BD6C87200DCC3AF /* FirebaseAnalyticsSwift */; };
		016F9DE72BD6C87200DCC3AF /* FirebaseAnalyticsWithoutAdIdSupport in Frameworks */ = {isa = PBXBuildFile; productRef = 016F9DE62BD6C87200DCC3AF /* FirebaseAnalyticsWithoutAdIdSupport */; };
		016F9DE92BD6C87200DCC3AF /* FirebaseAppCheck in Frameworks */ = {isa = PBXBuildFile; productRef = 016F9DE82BD6C87200DCC3AF /* FirebaseAppCheck */; };
		016F9DEB2BD6C87200DCC3AF /* FirebaseAppDistribution-Beta in Frameworks */ = {isa = PBXBuildFile; productRef = 016F9DEA2BD6C87200DCC3AF /* FirebaseAppDistribution-Beta */; };
		016F9DED2BD6C87200DCC3AF /* FirebaseAuth in Frameworks */ = {isa = PBXBuildFile; productRef = 016F9DEC2BD6C87200DCC3AF /* FirebaseAuth */; };
		016F9DEF2BD6C87200DCC3AF /* FirebaseAuthCombine-Community in Frameworks */ = {isa = PBXBuildFile; productRef = 016F9DEE2BD6C87200DCC3AF /* FirebaseAuthCombine-Community */; };
		016F9DF12BD6C87200DCC3AF /* FirebaseCrashlytics in Frameworks */ = {isa = PBXBuildFile; productRef = 016F9DF02BD6C87200DCC3AF /* FirebaseCrashlytics */; };
		016F9DF32BD6C87200DCC3AF /* FirebaseDatabase in Frameworks */ = {isa = PBXBuildFile; productRef = 016F9DF22BD6C87200DCC3AF /* FirebaseDatabase */; };
		016F9DF52BD6C87200DCC3AF /* FirebaseDatabaseSwift in Frameworks */ = {isa = PBXBuildFile; productRef = 016F9DF42BD6C87200DCC3AF /* FirebaseDatabaseSwift */; };
		016F9DF72BD6C87200DCC3AF /* FirebaseDynamicLinks in Frameworks */ = {isa = PBXBuildFile; productRef = 016F9DF62BD6C87200DCC3AF /* FirebaseDynamicLinks */; };
		016F9DF92BD6C87200DCC3AF /* FirebaseFirestore in Frameworks */ = {isa = PBXBuildFile; productRef = 016F9DF82BD6C87200DCC3AF /* FirebaseFirestore */; };
		016F9DFB2BD6C87200DCC3AF /* FirebaseFirestoreCombine-Community in Frameworks */ = {isa = PBXBuildFile; productRef = 016F9DFA2BD6C87200DCC3AF /* FirebaseFirestoreCombine-Community */; };
		016F9DFD2BD6C87200DCC3AF /* FirebaseFirestoreSwift in Frameworks */ = {isa = PBXBuildFile; productRef = 016F9DFC2BD6C87200DCC3AF /* FirebaseFirestoreSwift */; };
		016F9DFF2BD6C87200DCC3AF /* FirebaseFunctions in Frameworks */ = {isa = PBXBuildFile; productRef = 016F9DFE2BD6C87200DCC3AF /* FirebaseFunctions */; };
		016F9E012BD6C87200DCC3AF /* FirebaseFunctionsCombine-Community in Frameworks */ = {isa = PBXBuildFile; productRef = 016F9E002BD6C87200DCC3AF /* FirebaseFunctionsCombine-Community */; };
		016F9E032BD6C87200DCC3AF /* FirebaseInAppMessaging-Beta in Frameworks */ = {isa = PBXBuildFile; productRef = 016F9E022BD6C87200DCC3AF /* FirebaseInAppMessaging-Beta */; };
		016F9E052BD6C87200DCC3AF /* FirebaseInAppMessagingSwift-Beta in Frameworks */ = {isa = PBXBuildFile; productRef = 016F9E042BD6C87200DCC3AF /* FirebaseInAppMessagingSwift-Beta */; };
		016F9E072BD6C87200DCC3AF /* FirebaseInstallations in Frameworks */ = {isa = PBXBuildFile; productRef = 016F9E062BD6C87200DCC3AF /* FirebaseInstallations */; };
		016F9E092BD6C87200DCC3AF /* FirebaseMLModelDownloader in Frameworks */ = {isa = PBXBuildFile; productRef = 016F9E082BD6C87200DCC3AF /* FirebaseMLModelDownloader */; };
		016F9E0B2BD6C87200DCC3AF /* FirebaseMessaging in Frameworks */ = {isa = PBXBuildFile; productRef = 016F9E0A2BD6C87200DCC3AF /* FirebaseMessaging */; };
		016F9E0D2BD6C87200DCC3AF /* FirebasePerformance in Frameworks */ = {isa = PBXBuildFile; productRef = 016F9E0C2BD6C87200DCC3AF /* FirebasePerformance */; };
		016F9E0F2BD6C87200DCC3AF /* FirebaseRemoteConfig in Frameworks */ = {isa = PBXBuildFile; productRef = 016F9E0E2BD6C87200DCC3AF /* FirebaseRemoteConfig */; };
		016F9E112BD6C87200DCC3AF /* FirebaseRemoteConfigSwift in Frameworks */ = {isa = PBXBuildFile; productRef = 016F9E102BD6C87200DCC3AF /* FirebaseRemoteConfigSwift */; };
		016F9E132BD6C87200DCC3AF /* FirebaseStorage in Frameworks */ = {isa = PBXBuildFile; productRef = 016F9E122BD6C87200DCC3AF /* FirebaseStorage */; };
		016F9E152BD6C87200DCC3AF /* FirebaseStorageCombine-Community in Frameworks */ = {isa = PBXBuildFile; productRef = 016F9E142BD6C87200DCC3AF /* FirebaseStorageCombine-Community */; };
		0199F9E52BDE886E00DD81FE /* AdViewController.swift in Sources */ = {isa = PBXBuildFile; fileRef = 0199F9E42BDE886E00DD81FE /* AdViewController.swift */; };
		0199F9E72BDE8C9400DD81FE /* AdCreationViewController.swift in Sources */ = {isa = PBXBuildFile; fileRef = 0199F9E62BDE8C9400DD81FE /* AdCreationViewController.swift */; };
		0199F9E92BDE990B00DD81FE /* AdCreationView.swift in Sources */ = {isa = PBXBuildFile; fileRef = 0199F9E82BDE990B00DD81FE /* AdCreationView.swift */; };
		0199F9EC2BDEA72D00DD81FE /* PhotoSelectionCell.swift in Sources */ = {isa = PBXBuildFile; fileRef = 0199F9EB2BDEA72D00DD81FE /* PhotoSelectionCell.swift */; };
		0199F9EE2BDEB87900DD81FE /* CellForPhotoSelectionCell.swift in Sources */ = {isa = PBXBuildFile; fileRef = 0199F9ED2BDEB87800DD81FE /* CellForPhotoSelectionCell.swift */; };
		01A66E222BDD4370000A4A09 /* CustomColor+enum.swift in Sources */ = {isa = PBXBuildFile; fileRef = 01A66E212BDD4370000A4A09 /* CustomColor+enum.swift */; };
		01A66E242BDD4407000A4A09 /* SearchView.swift in Sources */ = {isa = PBXBuildFile; fileRef = 01A66E232BDD4407000A4A09 /* SearchView.swift */; };
		01A66E282BDD55C5000A4A09 /* CollectionViewCellForSearchView.swift in Sources */ = {isa = PBXBuildFile; fileRef = 01A66E272BDD55C5000A4A09 /* CollectionViewCellForSearchView.swift */; };
		01A66E2A2BDD5EB9000A4A09 /* CellForCollectionImages.swift in Sources */ = {isa = PBXBuildFile; fileRef = 01A66E292BDD5EB9000A4A09 /* CellForCollectionImages.swift */; };
		01A66E2C2BDD62F6000A4A09 /* SearchModel.swift in Sources */ = {isa = PBXBuildFile; fileRef = 01A66E2B2BDD62F6000A4A09 /* SearchModel.swift */; };
		01AF429D2BD832340010C917 /* ProfileViewController.swift in Sources */ = {isa = PBXBuildFile; fileRef = 01AF429C2BD832340010C917 /* ProfileViewController.swift */; };
		01AF429F2BD96BED0010C917 /* SearchViewController.swift in Sources */ = {isa = PBXBuildFile; fileRef = 01AF429E2BD96BED0010C917 /* SearchViewController.swift */; };
		01AF42A12BD96CD60010C917 /* SavedViewController.swift in Sources */ = {isa = PBXBuildFile; fileRef = 01AF42A02BD96CD60010C917 /* SavedViewController.swift */; };
		01B7D9A02BD54EFD00CB8462 /* AppDelegate.swift in Sources */ = {isa = PBXBuildFile; fileRef = 01B7D99F2BD54EFD00CB8462 /* AppDelegate.swift */; };
		01B7D9A22BD54EFD00CB8462 /* SceneDelegate.swift in Sources */ = {isa = PBXBuildFile; fileRef = 01B7D9A12BD54EFD00CB8462 /* SceneDelegate.swift */; };
		01B7D9A42BD54EFD00CB8462 /* RootViewController.swift in Sources */ = {isa = PBXBuildFile; fileRef = 01B7D9A32BD54EFD00CB8462 /* RootViewController.swift */; };
		01B7D9A92BD54EFF00CB8462 /* Assets.xcassets in Resources */ = {isa = PBXBuildFile; fileRef = 01B7D9A82BD54EFF00CB8462 /* Assets.xcassets */; };
		01B7D9AC2BD54EFF00CB8462 /* Base in Resources */ = {isa = PBXBuildFile; fileRef = 01B7D9AB2BD54EFF00CB8462 /* Base */; };
		01B7D9BA2BD5538200CB8462 /* SplashViewController.swift in Sources */ = {isa = PBXBuildFile; fileRef = 01B7D9B92BD5538200CB8462 /* SplashViewController.swift */; };
		01B7D9BD2BD5563A00CB8462 /* AuthorizationViewController.swift in Sources */ = {isa = PBXBuildFile; fileRef = 01B7D9BC2BD5563A00CB8462 /* AuthorizationViewController.swift */; };
		01B7D9C02BD5572300CB8462 /* MainTabBarController.swift in Sources */ = {isa = PBXBuildFile; fileRef = 01B7D9BF2BD5572300CB8462 /* MainTabBarController.swift */; };
		01B7D9C42BD55FBA00CB8462 /* SceneDelegate+extension.swift in Sources */ = {isa = PBXBuildFile; fileRef = 01B7D9C32BD55FBA00CB8462 /* SceneDelegate+extension.swift */; };
		01B7DA032BD5A89800CB8462 /* AuthorizantionView.swift in Sources */ = {isa = PBXBuildFile; fileRef = 01B7DA022BD5A89800CB8462 /* AuthorizantionView.swift */; };
		01B7DA052BD5AE7300CB8462 /* AuthorizationModel.swift in Sources */ = {isa = PBXBuildFile; fileRef = 01B7DA042BD5AE7300CB8462 /* AuthorizationModel.swift */; };
/* End PBXBuildFile section */

/* Begin PBXFileReference section */
		016F9DDD2BD6B44600DCC3AF /* GoogleService-Info.plist */ = {isa = PBXFileReference; fileEncoding = 4; lastKnownFileType = text.plist.xml; path = "GoogleService-Info.plist"; sourceTree = "<group>"; };
		0199F9E42BDE886E00DD81FE /* AdViewController.swift */ = {isa = PBXFileReference; lastKnownFileType = sourcecode.swift; path = AdViewController.swift; sourceTree = "<group>"; };
		0199F9E62BDE8C9400DD81FE /* AdCreationViewController.swift */ = {isa = PBXFileReference; lastKnownFileType = sourcecode.swift; path = AdCreationViewController.swift; sourceTree = "<group>"; };
		0199F9E82BDE990B00DD81FE /* AdCreationView.swift */ = {isa = PBXFileReference; lastKnownFileType = sourcecode.swift; path = AdCreationView.swift; sourceTree = "<group>"; };
		0199F9EB2BDEA72D00DD81FE /* PhotoSelectionCell.swift */ = {isa = PBXFileReference; lastKnownFileType = sourcecode.swift; path = PhotoSelectionCell.swift; sourceTree = "<group>"; };
		0199F9ED2BDEB87800DD81FE /* CellForPhotoSelectionCell.swift */ = {isa = PBXFileReference; lastKnownFileType = sourcecode.swift; path = CellForPhotoSelectionCell.swift; sourceTree = "<group>"; };
		01A66E212BDD4370000A4A09 /* CustomColor+enum.swift */ = {isa = PBXFileReference; lastKnownFileType = sourcecode.swift; path = "CustomColor+enum.swift"; sourceTree = "<group>"; };
		01A66E232BDD4407000A4A09 /* SearchView.swift */ = {isa = PBXFileReference; lastKnownFileType = sourcecode.swift; path = SearchView.swift; sourceTree = "<group>"; };
		01A66E272BDD55C5000A4A09 /* CollectionViewCellForSearchView.swift */ = {isa = PBXFileReference; lastKnownFileType = sourcecode.swift; path = CollectionViewCellForSearchView.swift; sourceTree = "<group>"; };
		01A66E292BDD5EB9000A4A09 /* CellForCollectionImages.swift */ = {isa = PBXFileReference; lastKnownFileType = sourcecode.swift; path = CellForCollectionImages.swift; sourceTree = "<group>"; };
		01A66E2B2BDD62F6000A4A09 /* SearchModel.swift */ = {isa = PBXFileReference; lastKnownFileType = sourcecode.swift; path = SearchModel.swift; sourceTree = "<group>"; };
		01AF429C2BD832340010C917 /* ProfileViewController.swift */ = {isa = PBXFileReference; lastKnownFileType = sourcecode.swift; path = ProfileViewController.swift; sourceTree = "<group>"; };
		01AF429E2BD96BED0010C917 /* SearchViewController.swift */ = {isa = PBXFileReference; lastKnownFileType = sourcecode.swift; path = SearchViewController.swift; sourceTree = "<group>"; };
		01AF42A02BD96CD60010C917 /* SavedViewController.swift */ = {isa = PBXFileReference; lastKnownFileType = sourcecode.swift; path = SavedViewController.swift; sourceTree = "<group>"; };
		01B7D99C2BD54EFD00CB8462 /* MyApp.app */ = {isa = PBXFileReference; explicitFileType = wrapper.application; includeInIndex = 0; path = MyApp.app; sourceTree = BUILT_PRODUCTS_DIR; };
		01B7D99F2BD54EFD00CB8462 /* AppDelegate.swift */ = {isa = PBXFileReference; lastKnownFileType = sourcecode.swift; path = AppDelegate.swift; sourceTree = "<group>"; };
		01B7D9A12BD54EFD00CB8462 /* SceneDelegate.swift */ = {isa = PBXFileReference; lastKnownFileType = sourcecode.swift; path = SceneDelegate.swift; sourceTree = "<group>"; };
		01B7D9A32BD54EFD00CB8462 /* RootViewController.swift */ = {isa = PBXFileReference; lastKnownFileType = sourcecode.swift; path = RootViewController.swift; sourceTree = "<group>"; };
		01B7D9A82BD54EFF00CB8462 /* Assets.xcassets */ = {isa = PBXFileReference; lastKnownFileType = folder.assetcatalog; path = Assets.xcassets; sourceTree = "<group>"; };
		01B7D9AB2BD54EFF00CB8462 /* Base */ = {isa = PBXFileReference; lastKnownFileType = file.storyboard; name = Base; path = Base.lproj/LaunchScreen.storyboard; sourceTree = "<group>"; };
		01B7D9AD2BD54EFF00CB8462 /* Info.plist */ = {isa = PBXFileReference; lastKnownFileType = text.plist.xml; path = Info.plist; sourceTree = "<group>"; };
		01B7D9B92BD5538200CB8462 /* SplashViewController.swift */ = {isa = PBXFileReference; lastKnownFileType = sourcecode.swift; path = SplashViewController.swift; sourceTree = "<group>"; };
		01B7D9BC2BD5563A00CB8462 /* AuthorizationViewController.swift */ = {isa = PBXFileReference; lastKnownFileType = sourcecode.swift; path = AuthorizationViewController.swift; sourceTree = "<group>"; };
		01B7D9BF2BD5572300CB8462 /* MainTabBarController.swift */ = {isa = PBXFileReference; lastKnownFileType = sourcecode.swift; path = MainTabBarController.swift; sourceTree = "<group>"; };
		01B7D9C32BD55FBA00CB8462 /* SceneDelegate+extension.swift */ = {isa = PBXFileReference; lastKnownFileType = sourcecode.swift; path = "SceneDelegate+extension.swift"; sourceTree = "<group>"; };
		01B7DA022BD5A89800CB8462 /* AuthorizantionView.swift */ = {isa = PBXFileReference; lastKnownFileType = sourcecode.swift; path = AuthorizantionView.swift; sourceTree = "<group>"; };
		01B7DA042BD5AE7300CB8462 /* AuthorizationModel.swift */ = {isa = PBXFileReference; lastKnownFileType = sourcecode.swift; path = AuthorizationModel.swift; sourceTree = "<group>"; };
/* End PBXFileReference section */

/* Begin PBXFrameworksBuildPhase section */
		01B7D9992BD54EFD00CB8462 /* Frameworks */ = {
			isa = PBXFrameworksBuildPhase;
			buildActionMask = 2147483647;
			files = (
				016F9DF32BD6C87200DCC3AF /* FirebaseDatabase in Frameworks */,
				016F9E012BD6C87200DCC3AF /* FirebaseFunctionsCombine-Community in Frameworks */,
				016F9DF92BD6C87200DCC3AF /* FirebaseFirestore in Frameworks */,
				016F9DE52BD6C87200DCC3AF /* FirebaseAnalyticsSwift in Frameworks */,
				016F9DE12BD6C87200DCC3AF /* FirebaseAnalytics in Frameworks */,
				016F9DE32BD6C87200DCC3AF /* FirebaseAnalyticsOnDeviceConversion in Frameworks */,
				016F9E092BD6C87200DCC3AF /* FirebaseMLModelDownloader in Frameworks */,
				016F9DFD2BD6C87200DCC3AF /* FirebaseFirestoreSwift in Frameworks */,
				016F9DE92BD6C87200DCC3AF /* FirebaseAppCheck in Frameworks */,
				016F9DE72BD6C87200DCC3AF /* FirebaseAnalyticsWithoutAdIdSupport in Frameworks */,
				016F9DED2BD6C87200DCC3AF /* FirebaseAuth in Frameworks */,
				016F9DF12BD6C87200DCC3AF /* FirebaseCrashlytics in Frameworks */,
				016F9E112BD6C87200DCC3AF /* FirebaseRemoteConfigSwift in Frameworks */,
				016F9E032BD6C87200DCC3AF /* FirebaseInAppMessaging-Beta in Frameworks */,
				016F9DF52BD6C87200DCC3AF /* FirebaseDatabaseSwift in Frameworks */,
				016F9DFF2BD6C87200DCC3AF /* FirebaseFunctions in Frameworks */,
				016F9E152BD6C87200DCC3AF /* FirebaseStorageCombine-Community in Frameworks */,
				016F9E0F2BD6C87200DCC3AF /* FirebaseRemoteConfig in Frameworks */,
				016F9DEB2BD6C87200DCC3AF /* FirebaseAppDistribution-Beta in Frameworks */,
				016F9DEF2BD6C87200DCC3AF /* FirebaseAuthCombine-Community in Frameworks */,
				016F9E0D2BD6C87200DCC3AF /* FirebasePerformance in Frameworks */,
				016F9E052BD6C87200DCC3AF /* FirebaseInAppMessagingSwift-Beta in Frameworks */,
				016F9E132BD6C87200DCC3AF /* FirebaseStorage in Frameworks */,
				016F9DF72BD6C87200DCC3AF /* FirebaseDynamicLinks in Frameworks */,
				016F9DFB2BD6C87200DCC3AF /* FirebaseFirestoreCombine-Community in Frameworks */,
				016F9E0B2BD6C87200DCC3AF /* FirebaseMessaging in Frameworks */,
				016F9E072BD6C87200DCC3AF /* FirebaseInstallations in Frameworks */,
			);
			runOnlyForDeploymentPostprocessing = 0;
		};
/* End PBXFrameworksBuildPhase section */

/* Begin PBXGroup section */
		0199F9E02BDE702500DD81FE /* Cells for SearchView */ = {
			isa = PBXGroup;
			children = (
				01A66E272BDD55C5000A4A09 /* CollectionViewCellForSearchView.swift */,
				01A66E292BDD5EB9000A4A09 /* CellForCollectionImages.swift */,
			);
			path = "Cells for SearchView";
			sourceTree = "<group>";
		};
		0199F9E12BDE874900DD81FE /* Search Controller */ = {
			isa = PBXGroup;
			children = (
				01AF429E2BD96BED0010C917 /* SearchViewController.swift */,
				01A66E2B2BDD62F6000A4A09 /* SearchModel.swift */,
				01A66E232BDD4407000A4A09 /* SearchView.swift */,
				0199F9E02BDE702500DD81FE /* Cells for SearchView */,
			);
			path = "Search Controller";
			sourceTree = "<group>";
		};
		0199F9E22BDE877C00DD81FE /* Ad Creation Controller */ = {
			isa = PBXGroup;
			children = (
				0199F9E62BDE8C9400DD81FE /* AdCreationViewController.swift */,
				0199F9E82BDE990B00DD81FE /* AdCreationView.swift */,
				0199F9EA2BDEA6C700DD81FE /* Cell for AdCreationView */,
			);
			path = "Ad Creation Controller";
			sourceTree = "<group>";
		};
		0199F9E32BDE884B00DD81FE /* AdController */ = {
			isa = PBXGroup;
			children = (
				0199F9E42BDE886E00DD81FE /* AdViewController.swift */,
			);
			path = AdController;
			sourceTree = "<group>";
		};
		0199F9EA2BDEA6C700DD81FE /* Cell for AdCreationView */ = {
			isa = PBXGroup;
			children = (
				0199F9EB2BDEA72D00DD81FE /* PhotoSelectionCell.swift */,
				0199F9ED2BDEB87800DD81FE /* CellForPhotoSelectionCell.swift */,
			);
			path = "Cell for AdCreationView";
			sourceTree = "<group>";
		};
		01A66E1D2BDD420F000A4A09 /* Saved */ = {
			isa = PBXGroup;
			children = (
				01AF42A02BD96CD60010C917 /* SavedViewController.swift */,
			);
			path = Saved;
			sourceTree = "<group>";
		};
		01A66E1E2BDD4231000A4A09 /* Search */ = {
			isa = PBXGroup;
			children = (
				0199F9E12BDE874900DD81FE /* Search Controller */,
				0199F9E32BDE884B00DD81FE /* AdController */,
				0199F9E22BDE877C00DD81FE /* Ad Creation Controller */,
			);
			path = Search;
			sourceTree = "<group>";
		};
		01A66E1F2BDD4249000A4A09 /* Profile */ = {
			isa = PBXGroup;
			children = (
				01AF429C2BD832340010C917 /* ProfileViewController.swift */,
			);
			path = Profile;
			sourceTree = "<group>";
		};
		01B7D9932BD54EFD00CB8462 = {
			isa = PBXGroup;
			children = (
				01B7D99E2BD54EFD00CB8462 /* MyApp */,
				01B7D99D2BD54EFD00CB8462 /* Products */,
			);
			sourceTree = "<group>";
		};
		01B7D99D2BD54EFD00CB8462 /* Products */ = {
			isa = PBXGroup;
			children = (
				01B7D99C2BD54EFD00CB8462 /* MyApp.app */,
			);
			name = Products;
			sourceTree = "<group>";
		};
		01B7D99E2BD54EFD00CB8462 /* MyApp */ = {
			isa = PBXGroup;
			children = (
				01B7D9B32BD54FAC00CB8462 /* Application */,
				01B7D9B42BD54FFC00CB8462 /* Resources */,
				01B7D9B82BD5535900CB8462 /* Splash screen */,
				01B7D9BB2BD5560200CB8462 /* Authorization */,
				01B7D9B52BD552F600CB8462 /* RootViewController */,
				01B7D9BE2BD556D800CB8462 /* MainMyApp */,
			);
			path = MyApp;
			sourceTree = "<group>";
		};
		01B7D9B32BD54FAC00CB8462 /* Application */ = {
			isa = PBXGroup;
			children = (
				01B7D99F2BD54EFD00CB8462 /* AppDelegate.swift */,
				01B7D9A12BD54EFD00CB8462 /* SceneDelegate.swift */,
				01B7D9C32BD55FBA00CB8462 /* SceneDelegate+extension.swift */,
			);
			path = Application;
			sourceTree = "<group>";
		};
		01B7D9B42BD54FFC00CB8462 /* Resources */ = {
			isa = PBXGroup;
			children = (
				01B7D9A82BD54EFF00CB8462 /* Assets.xcassets */,
				01B7D9AA2BD54EFF00CB8462 /* LaunchScreen.storyboard */,
				01B7D9AD2BD54EFF00CB8462 /* Info.plist */,
				016F9DDD2BD6B44600DCC3AF /* GoogleService-Info.plist */,
			);
			path = Resources;
			sourceTree = "<group>";
		};
		01B7D9B52BD552F600CB8462 /* RootViewController */ = {
			isa = PBXGroup;
			children = (
				01B7D9A32BD54EFD00CB8462 /* RootViewController.swift */,
			);
			path = RootViewController;
			sourceTree = "<group>";
		};
		01B7D9B82BD5535900CB8462 /* Splash screen */ = {
			isa = PBXGroup;
			children = (
				01B7D9B92BD5538200CB8462 /* SplashViewController.swift */,
			);
			path = "Splash screen";
			sourceTree = "<group>";
		};
		01B7D9BB2BD5560200CB8462 /* Authorization */ = {
			isa = PBXGroup;
			children = (
				01B7D9BC2BD5563A00CB8462 /* AuthorizationViewController.swift */,
				01B7DA022BD5A89800CB8462 /* AuthorizantionView.swift */,
				01B7DA042BD5AE7300CB8462 /* AuthorizationModel.swift */,
			);
			path = Authorization;
			sourceTree = "<group>";
		};
		01B7D9BE2BD556D800CB8462 /* MainMyApp */ = {
			isa = PBXGroup;
			children = (
				01A66E212BDD4370000A4A09 /* CustomColor+enum.swift */,
				01B7D9BF2BD5572300CB8462 /* MainTabBarController.swift */,
				01A66E1D2BDD420F000A4A09 /* Saved */,
				01A66E1E2BDD4231000A4A09 /* Search */,
				01A66E1F2BDD4249000A4A09 /* Profile */,
			);
			path = MainMyApp;
			sourceTree = "<group>";
		};
/* End PBXGroup section */

/* Begin PBXNativeTarget section */
		01B7D99B2BD54EFD00CB8462 /* MyApp */ = {
			isa = PBXNativeTarget;
			buildConfigurationList = 01B7D9B02BD54EFF00CB8462 /* Build configuration list for PBXNativeTarget "MyApp" */;
			buildPhases = (
				01B7D9982BD54EFD00CB8462 /* Sources */,
				01B7D9992BD54EFD00CB8462 /* Frameworks */,
				01B7D99A2BD54EFD00CB8462 /* Resources */,
			);
			buildRules = (
			);
			dependencies = (
			);
			name = MyApp;
			packageProductDependencies = (
				016F9DE02BD6C87200DCC3AF /* FirebaseAnalytics */,
				016F9DE22BD6C87200DCC3AF /* FirebaseAnalyticsOnDeviceConversion */,
				016F9DE42BD6C87200DCC3AF /* FirebaseAnalyticsSwift */,
				016F9DE62BD6C87200DCC3AF /* FirebaseAnalyticsWithoutAdIdSupport */,
				016F9DE82BD6C87200DCC3AF /* FirebaseAppCheck */,
				016F9DEA2BD6C87200DCC3AF /* FirebaseAppDistribution-Beta */,
				016F9DEC2BD6C87200DCC3AF /* FirebaseAuth */,
				016F9DEE2BD6C87200DCC3AF /* FirebaseAuthCombine-Community */,
				016F9DF02BD6C87200DCC3AF /* FirebaseCrashlytics */,
				016F9DF22BD6C87200DCC3AF /* FirebaseDatabase */,
				016F9DF42BD6C87200DCC3AF /* FirebaseDatabaseSwift */,
				016F9DF62BD6C87200DCC3AF /* FirebaseDynamicLinks */,
				016F9DF82BD6C87200DCC3AF /* FirebaseFirestore */,
				016F9DFA2BD6C87200DCC3AF /* FirebaseFirestoreCombine-Community */,
				016F9DFC2BD6C87200DCC3AF /* FirebaseFirestoreSwift */,
				016F9DFE2BD6C87200DCC3AF /* FirebaseFunctions */,
				016F9E002BD6C87200DCC3AF /* FirebaseFunctionsCombine-Community */,
				016F9E022BD6C87200DCC3AF /* FirebaseInAppMessaging-Beta */,
				016F9E042BD6C87200DCC3AF /* FirebaseInAppMessagingSwift-Beta */,
				016F9E062BD6C87200DCC3AF /* FirebaseInstallations */,
				016F9E082BD6C87200DCC3AF /* FirebaseMLModelDownloader */,
				016F9E0A2BD6C87200DCC3AF /* FirebaseMessaging */,
				016F9E0C2BD6C87200DCC3AF /* FirebasePerformance */,
				016F9E0E2BD6C87200DCC3AF /* FirebaseRemoteConfig */,
				016F9E102BD6C87200DCC3AF /* FirebaseRemoteConfigSwift */,
				016F9E122BD6C87200DCC3AF /* FirebaseStorage */,
				016F9E142BD6C87200DCC3AF /* FirebaseStorageCombine-Community */,
			);
			productName = MyApp;
			productReference = 01B7D99C2BD54EFD00CB8462 /* MyApp.app */;
			productType = "com.apple.product-type.application";
		};
/* End PBXNativeTarget section */

/* Begin PBXProject section */
		01B7D9942BD54EFD00CB8462 /* Project object */ = {
			isa = PBXProject;
			attributes = {
				BuildIndependentTargetsInParallel = 1;
				LastSwiftUpdateCheck = 1530;
				LastUpgradeCheck = 1530;
				TargetAttributes = {
					01B7D99B2BD54EFD00CB8462 = {
						CreatedOnToolsVersion = 15.3;
					};
				};
			};
			buildConfigurationList = 01B7D9972BD54EFD00CB8462 /* Build configuration list for PBXProject "MyApp" */;
			compatibilityVersion = "Xcode 14.0";
			developmentRegion = en;
			hasScannedForEncodings = 0;
			knownRegions = (
				en,
				Base,
			);
			mainGroup = 01B7D9932BD54EFD00CB8462;
			packageReferences = (
				016F9DDF2BD6C87200DCC3AF /* XCRemoteSwiftPackageReference "firebase-ios-sdk" */,
			);
			productRefGroup = 01B7D99D2BD54EFD00CB8462 /* Products */;
			projectDirPath = "";
			projectRoot = "";
			targets = (
				01B7D99B2BD54EFD00CB8462 /* MyApp */,
			);
		};
/* End PBXProject section */

/* Begin PBXResourcesBuildPhase section */
		01B7D99A2BD54EFD00CB8462 /* Resources */ = {
			isa = PBXResourcesBuildPhase;
			buildActionMask = 2147483647;
			files = (
				01B7D9A92BD54EFF00CB8462 /* Assets.xcassets in Resources */,
				01B7D9AC2BD54EFF00CB8462 /* Base in Resources */,
				016F9DDE2BD6B44600DCC3AF /* GoogleService-Info.plist in Resources */,
			);
			runOnlyForDeploymentPostprocessing = 0;
		};
/* End PBXResourcesBuildPhase section */

/* Begin PBXSourcesBuildPhase section */
		01B7D9982BD54EFD00CB8462 /* Sources */ = {
			isa = PBXSourcesBuildPhase;
			buildActionMask = 2147483647;
			files = (
				01A66E222BDD4370000A4A09 /* CustomColor+enum.swift in Sources */,
				0199F9EC2BDEA72D00DD81FE /* PhotoSelectionCell.swift in Sources */,
				01A66E2A2BDD5EB9000A4A09 /* CellForCollectionImages.swift in Sources */,
				0199F9EE2BDEB87900DD81FE /* CellForPhotoSelectionCell.swift in Sources */,
				01B7D9A42BD54EFD00CB8462 /* RootViewController.swift in Sources */,
				01AF429F2BD96BED0010C917 /* SearchViewController.swift in Sources */,
				0199F9E92BDE990B00DD81FE /* AdCreationView.swift in Sources */,
				01B7D9A02BD54EFD00CB8462 /* AppDelegate.swift in Sources */,
				01B7D9C02BD5572300CB8462 /* MainTabBarController.swift in Sources */,
				01B7D9A22BD54EFD00CB8462 /* SceneDelegate.swift in Sources */,
				01AF429D2BD832340010C917 /* ProfileViewController.swift in Sources */,
				01AF42A12BD96CD60010C917 /* SavedViewController.swift in Sources */,
				01B7D9BD2BD5563A00CB8462 /* AuthorizationViewController.swift in Sources */,
				01A66E2C2BDD62F6000A4A09 /* SearchModel.swift in Sources */,
				01B7DA052BD5AE7300CB8462 /* AuthorizationModel.swift in Sources */,
				01A66E242BDD4407000A4A09 /* SearchView.swift in Sources */,
				0199F9E72BDE8C9400DD81FE /* AdCreationViewController.swift in Sources */,
				01B7DA032BD5A89800CB8462 /* AuthorizantionView.swift in Sources */,
				01A66E282BDD55C5000A4A09 /* CollectionViewCellForSearchView.swift in Sources */,
				0199F9E52BDE886E00DD81FE /* AdViewController.swift in Sources */,
				01B7D9BA2BD5538200CB8462 /* SplashViewController.swift in Sources */,
				01B7D9C42BD55FBA00CB8462 /* SceneDelegate+extension.swift in Sources */,
			);
			runOnlyForDeploymentPostprocessing = 0;
		};
/* End PBXSourcesBuildPhase section */

/* Begin PBXVariantGroup section */
		01B7D9AA2BD54EFF00CB8462 /* LaunchScreen.storyboard */ = {
			isa = PBXVariantGroup;
			children = (
				01B7D9AB2BD54EFF00CB8462 /* Base */,
			);
			name = LaunchScreen.storyboard;
			sourceTree = "<group>";
		};
/* End PBXVariantGroup section */

/* Begin XCBuildConfiguration section */
		01B7D9AE2BD54EFF00CB8462 /* Debug */ = {
			isa = XCBuildConfiguration;
			buildSettings = {
				ALWAYS_SEARCH_USER_PATHS = NO;
				ASSETCATALOG_COMPILER_GENERATE_SWIFT_ASSET_SYMBOL_EXTENSIONS = YES;
				CLANG_ANALYZER_NONNULL = YES;
				CLANG_ANALYZER_NUMBER_OBJECT_CONVERSION = YES_AGGRESSIVE;
				CLANG_CXX_LANGUAGE_STANDARD = "gnu++20";
				CLANG_ENABLE_MODULES = YES;
				CLANG_ENABLE_OBJC_ARC = YES;
				CLANG_ENABLE_OBJC_WEAK = YES;
				CLANG_WARN_BLOCK_CAPTURE_AUTORELEASING = YES;
				CLANG_WARN_BOOL_CONVERSION = YES;
				CLANG_WARN_COMMA = YES;
				CLANG_WARN_CONSTANT_CONVERSION = YES;
				CLANG_WARN_DEPRECATED_OBJC_IMPLEMENTATIONS = YES;
				CLANG_WARN_DIRECT_OBJC_ISA_USAGE = YES_ERROR;
				CLANG_WARN_DOCUMENTATION_COMMENTS = YES;
				CLANG_WARN_EMPTY_BODY = YES;
				CLANG_WARN_ENUM_CONVERSION = YES;
				CLANG_WARN_INFINITE_RECURSION = YES;
				CLANG_WARN_INT_CONVERSION = YES;
				CLANG_WARN_NON_LITERAL_NULL_CONVERSION = YES;
				CLANG_WARN_OBJC_IMPLICIT_RETAIN_SELF = YES;
				CLANG_WARN_OBJC_LITERAL_CONVERSION = YES;
				CLANG_WARN_OBJC_ROOT_CLASS = YES_ERROR;
				CLANG_WARN_QUOTED_INCLUDE_IN_FRAMEWORK_HEADER = YES;
				CLANG_WARN_RANGE_LOOP_ANALYSIS = YES;
				CLANG_WARN_STRICT_PROTOTYPES = YES;
				CLANG_WARN_SUSPICIOUS_MOVE = YES;
				CLANG_WARN_UNGUARDED_AVAILABILITY = YES_AGGRESSIVE;
				CLANG_WARN_UNREACHABLE_CODE = YES;
				CLANG_WARN__DUPLICATE_METHOD_MATCH = YES;
				COPY_PHASE_STRIP = NO;
				DEBUG_INFORMATION_FORMAT = dwarf;
				ENABLE_STRICT_OBJC_MSGSEND = YES;
				ENABLE_TESTABILITY = YES;
				ENABLE_USER_SCRIPT_SANDBOXING = YES;
				GCC_C_LANGUAGE_STANDARD = gnu17;
				GCC_DYNAMIC_NO_PIC = NO;
				GCC_NO_COMMON_BLOCKS = YES;
				GCC_OPTIMIZATION_LEVEL = 0;
				GCC_PREPROCESSOR_DEFINITIONS = (
					"DEBUG=1",
					"$(inherited)",
				);
				GCC_WARN_64_TO_32_BIT_CONVERSION = YES;
				GCC_WARN_ABOUT_RETURN_TYPE = YES_ERROR;
				GCC_WARN_UNDECLARED_SELECTOR = YES;
				GCC_WARN_UNINITIALIZED_AUTOS = YES_AGGRESSIVE;
				GCC_WARN_UNUSED_FUNCTION = YES;
				GCC_WARN_UNUSED_VARIABLE = YES;
				IPHONEOS_DEPLOYMENT_TARGET = 17.4;
				LOCALIZATION_PREFERS_STRING_CATALOGS = YES;
				MTL_ENABLE_DEBUG_INFO = INCLUDE_SOURCE;
				MTL_FAST_MATH = YES;
				ONLY_ACTIVE_ARCH = YES;
				SDKROOT = iphoneos;
				SWIFT_ACTIVE_COMPILATION_CONDITIONS = "DEBUG $(inherited)";
				SWIFT_OPTIMIZATION_LEVEL = "-Onone";
			};
			name = Debug;
		};
		01B7D9AF2BD54EFF00CB8462 /* Release */ = {
			isa = XCBuildConfiguration;
			buildSettings = {
				ALWAYS_SEARCH_USER_PATHS = NO;
				ASSETCATALOG_COMPILER_GENERATE_SWIFT_ASSET_SYMBOL_EXTENSIONS = YES;
				CLANG_ANALYZER_NONNULL = YES;
				CLANG_ANALYZER_NUMBER_OBJECT_CONVERSION = YES_AGGRESSIVE;
				CLANG_CXX_LANGUAGE_STANDARD = "gnu++20";
				CLANG_ENABLE_MODULES = YES;
				CLANG_ENABLE_OBJC_ARC = YES;
				CLANG_ENABLE_OBJC_WEAK = YES;
				CLANG_WARN_BLOCK_CAPTURE_AUTORELEASING = YES;
				CLANG_WARN_BOOL_CONVERSION = YES;
				CLANG_WARN_COMMA = YES;
				CLANG_WARN_CONSTANT_CONVERSION = YES;
				CLANG_WARN_DEPRECATED_OBJC_IMPLEMENTATIONS = YES;
				CLANG_WARN_DIRECT_OBJC_ISA_USAGE = YES_ERROR;
				CLANG_WARN_DOCUMENTATION_COMMENTS = YES;
				CLANG_WARN_EMPTY_BODY = YES;
				CLANG_WARN_ENUM_CONVERSION = YES;
				CLANG_WARN_INFINITE_RECURSION = YES;
				CLANG_WARN_INT_CONVERSION = YES;
				CLANG_WARN_NON_LITERAL_NULL_CONVERSION = YES;
				CLANG_WARN_OBJC_IMPLICIT_RETAIN_SELF = YES;
				CLANG_WARN_OBJC_LITERAL_CONVERSION = YES;
				CLANG_WARN_OBJC_ROOT_CLASS = YES_ERROR;
				CLANG_WARN_QUOTED_INCLUDE_IN_FRAMEWORK_HEADER = YES;
				CLANG_WARN_RANGE_LOOP_ANALYSIS = YES;
				CLANG_WARN_STRICT_PROTOTYPES = YES;
				CLANG_WARN_SUSPICIOUS_MOVE = YES;
				CLANG_WARN_UNGUARDED_AVAILABILITY = YES_AGGRESSIVE;
				CLANG_WARN_UNREACHABLE_CODE = YES;
				CLANG_WARN__DUPLICATE_METHOD_MATCH = YES;
				COPY_PHASE_STRIP = NO;
				DEBUG_INFORMATION_FORMAT = "dwarf-with-dsym";
				ENABLE_NS_ASSERTIONS = NO;
				ENABLE_STRICT_OBJC_MSGSEND = YES;
				ENABLE_USER_SCRIPT_SANDBOXING = YES;
				GCC_C_LANGUAGE_STANDARD = gnu17;
				GCC_NO_COMMON_BLOCKS = YES;
				GCC_WARN_64_TO_32_BIT_CONVERSION = YES;
				GCC_WARN_ABOUT_RETURN_TYPE = YES_ERROR;
				GCC_WARN_UNDECLARED_SELECTOR = YES;
				GCC_WARN_UNINITIALIZED_AUTOS = YES_AGGRESSIVE;
				GCC_WARN_UNUSED_FUNCTION = YES;
				GCC_WARN_UNUSED_VARIABLE = YES;
				IPHONEOS_DEPLOYMENT_TARGET = 17.4;
				LOCALIZATION_PREFERS_STRING_CATALOGS = YES;
				MTL_ENABLE_DEBUG_INFO = NO;
				MTL_FAST_MATH = YES;
				SDKROOT = iphoneos;
				SWIFT_COMPILATION_MODE = wholemodule;
				VALIDATE_PRODUCT = YES;
			};
			name = Release;
		};
		01B7D9B12BD54EFF00CB8462 /* Debug */ = {
			isa = XCBuildConfiguration;
			buildSettings = {
				ASSETCATALOG_COMPILER_APPICON_NAME = AppIcon;
				ASSETCATALOG_COMPILER_GLOBAL_ACCENT_COLOR_NAME = AccentColor;
				CODE_SIGN_STYLE = Automatic;
				CURRENT_PROJECT_VERSION = 1;
				DEVELOPMENT_TEAM = 57V9Y33D2J;
				GENERATE_INFOPLIST_FILE = YES;
				INFOPLIST_FILE = MyApp/Resources/Info.plist;
				INFOPLIST_KEY_UIApplicationSupportsIndirectInputEvents = YES;
				INFOPLIST_KEY_UILaunchStoryboardName = LaunchScreen;
				INFOPLIST_KEY_UISupportedInterfaceOrientations_iPad = "UIInterfaceOrientationPortrait UIInterfaceOrientationPortraitUpsideDown UIInterfaceOrientationLandscapeLeft UIInterfaceOrientationLandscapeRight";
				INFOPLIST_KEY_UISupportedInterfaceOrientations_iPhone = "UIInterfaceOrientationPortrait UIInterfaceOrientationLandscapeLeft UIInterfaceOrientationLandscapeRight";
				LD_RUNPATH_SEARCH_PATHS = (
					"$(inherited)",
					"@executable_path/Frameworks",
				);
				MARKETING_VERSION = 1.0;
				PRODUCT_BUNDLE_IDENTIFIER = tms.by.MyApp;
				PRODUCT_NAME = "$(TARGET_NAME)";
				SWIFT_EMIT_LOC_STRINGS = YES;
				SWIFT_VERSION = 5.0;
				TARGETED_DEVICE_FAMILY = "1,2";
			};
			name = Debug;
		};
		01B7D9B22BD54EFF00CB8462 /* Release */ = {
			isa = XCBuildConfiguration;
			buildSettings = {
				ASSETCATALOG_COMPILER_APPICON_NAME = AppIcon;
				ASSETCATALOG_COMPILER_GLOBAL_ACCENT_COLOR_NAME = AccentColor;
				CODE_SIGN_STYLE = Automatic;
				CURRENT_PROJECT_VERSION = 1;
				DEVELOPMENT_TEAM = 57V9Y33D2J;
				GENERATE_INFOPLIST_FILE = YES;
				INFOPLIST_FILE = MyApp/Resources/Info.plist;
				INFOPLIST_KEY_UIApplicationSupportsIndirectInputEvents = YES;
				INFOPLIST_KEY_UILaunchStoryboardName = LaunchScreen;
				INFOPLIST_KEY_UISupportedInterfaceOrientations_iPad = "UIInterfaceOrientationPortrait UIInterfaceOrientationPortraitUpsideDown UIInterfaceOrientationLandscapeLeft UIInterfaceOrientationLandscapeRight";
				INFOPLIST_KEY_UISupportedInterfaceOrientations_iPhone = "UIInterfaceOrientationPortrait UIInterfaceOrientationLandscapeLeft UIInterfaceOrientationLandscapeRight";
				LD_RUNPATH_SEARCH_PATHS = (
					"$(inherited)",
					"@executable_path/Frameworks",
				);
				MARKETING_VERSION = 1.0;
				PRODUCT_BUNDLE_IDENTIFIER = tms.by.MyApp;
				PRODUCT_NAME = "$(TARGET_NAME)";
				SWIFT_EMIT_LOC_STRINGS = YES;
				SWIFT_VERSION = 5.0;
				TARGETED_DEVICE_FAMILY = "1,2";
			};
			name = Release;
		};
/* End XCBuildConfiguration section */

/* Begin XCConfigurationList section */
		01B7D9972BD54EFD00CB8462 /* Build configuration list for PBXProject "MyApp" */ = {
			isa = XCConfigurationList;
			buildConfigurations = (
				01B7D9AE2BD54EFF00CB8462 /* Debug */,
				01B7D9AF2BD54EFF00CB8462 /* Release */,
			);
			defaultConfigurationIsVisible = 0;
			defaultConfigurationName = Release;
		};
		01B7D9B02BD54EFF00CB8462 /* Build configuration list for PBXNativeTarget "MyApp" */ = {
			isa = XCConfigurationList;
			buildConfigurations = (
				01B7D9B12BD54EFF00CB8462 /* Debug */,
				01B7D9B22BD54EFF00CB8462 /* Release */,
			);
			defaultConfigurationIsVisible = 0;
			defaultConfigurationName = Release;
		};
/* End XCConfigurationList section */

/* Begin XCRemoteSwiftPackageReference section */
		016F9DDF2BD6C87200DCC3AF /* XCRemoteSwiftPackageReference "firebase-ios-sdk" */ = {
			isa = XCRemoteSwiftPackageReference;
			repositoryURL = "https://github.com/firebase/firebase-ios-sdk";
			requirement = {
				kind = upToNextMajorVersion;
				minimumVersion = 10.24.0;
			};
		};
/* End XCRemoteSwiftPackageReference section */

/* Begin XCSwiftPackageProductDependency section */
		016F9DE02BD6C87200DCC3AF /* FirebaseAnalytics */ = {
			isa = XCSwiftPackageProductDependency;
			package = 016F9DDF2BD6C87200DCC3AF /* XCRemoteSwiftPackageReference "firebase-ios-sdk" */;
			productName = FirebaseAnalytics;
		};
		016F9DE22BD6C87200DCC3AF /* FirebaseAnalyticsOnDeviceConversion */ = {
			isa = XCSwiftPackageProductDependency;
			package = 016F9DDF2BD6C87200DCC3AF /* XCRemoteSwiftPackageReference "firebase-ios-sdk" */;
			productName = FirebaseAnalyticsOnDeviceConversion;
		};
		016F9DE42BD6C87200DCC3AF /* FirebaseAnalyticsSwift */ = {
			isa = XCSwiftPackageProductDependency;
			package = 016F9DDF2BD6C87200DCC3AF /* XCRemoteSwiftPackageReference "firebase-ios-sdk" */;
			productName = FirebaseAnalyticsSwift;
		};
		016F9DE62BD6C87200DCC3AF /* FirebaseAnalyticsWithoutAdIdSupport */ = {
			isa = XCSwiftPackageProductDependency;
			package = 016F9DDF2BD6C87200DCC3AF /* XCRemoteSwiftPackageReference "firebase-ios-sdk" */;
			productName = FirebaseAnalyticsWithoutAdIdSupport;
		};
		016F9DE82BD6C87200DCC3AF /* FirebaseAppCheck */ = {
			isa = XCSwiftPackageProductDependency;
			package = 016F9DDF2BD6C87200DCC3AF /* XCRemoteSwiftPackageReference "firebase-ios-sdk" */;
			productName = FirebaseAppCheck;
		};
		016F9DEA2BD6C87200DCC3AF /* FirebaseAppDistribution-Beta */ = {
			isa = XCSwiftPackageProductDependency;
			package = 016F9DDF2BD6C87200DCC3AF /* XCRemoteSwiftPackageReference "firebase-ios-sdk" */;
			productName = "FirebaseAppDistribution-Beta";
		};
		016F9DEC2BD6C87200DCC3AF /* FirebaseAuth */ = {
			isa = XCSwiftPackageProductDependency;
			package = 016F9DDF2BD6C87200DCC3AF /* XCRemoteSwiftPackageReference "firebase-ios-sdk" */;
			productName = FirebaseAuth;
		};
		016F9DEE2BD6C87200DCC3AF /* FirebaseAuthCombine-Community */ = {
			isa = XCSwiftPackageProductDependency;
			package = 016F9DDF2BD6C87200DCC3AF /* XCRemoteSwiftPackageReference "firebase-ios-sdk" */;
			productName = "FirebaseAuthCombine-Community";
		};
		016F9DF02BD6C87200DCC3AF /* FirebaseCrashlytics */ = {
			isa = XCSwiftPackageProductDependency;
			package = 016F9DDF2BD6C87200DCC3AF /* XCRemoteSwiftPackageReference "firebase-ios-sdk" */;
			productName = FirebaseCrashlytics;
		};
		016F9DF22BD6C87200DCC3AF /* FirebaseDatabase */ = {
			isa = XCSwiftPackageProductDependency;
			package = 016F9DDF2BD6C87200DCC3AF /* XCRemoteSwiftPackageReference "firebase-ios-sdk" */;
			productName = FirebaseDatabase;
		};
		016F9DF42BD6C87200DCC3AF /* FirebaseDatabaseSwift */ = {
			isa = XCSwiftPackageProductDependency;
			package = 016F9DDF2BD6C87200DCC3AF /* XCRemoteSwiftPackageReference "firebase-ios-sdk" */;
			productName = FirebaseDatabaseSwift;
		};
		016F9DF62BD6C87200DCC3AF /* FirebaseDynamicLinks */ = {
			isa = XCSwiftPackageProductDependency;
			package = 016F9DDF2BD6C87200DCC3AF /* XCRemoteSwiftPackageReference "firebase-ios-sdk" */;
			productName = FirebaseDynamicLinks;
		};
		016F9DF82BD6C87200DCC3AF /* FirebaseFirestore */ = {
			isa = XCSwiftPackageProductDependency;
			package = 016F9DDF2BD6C87200DCC3AF /* XCRemoteSwiftPackageReference "firebase-ios-sdk" */;
			productName = FirebaseFirestore;
		};
		016F9DFA2BD6C87200DCC3AF /* FirebaseFirestoreCombine-Community */ = {
			isa = XCSwiftPackageProductDependency;
			package = 016F9DDF2BD6C87200DCC3AF /* XCRemoteSwiftPackageReference "firebase-ios-sdk" */;
			productName = "FirebaseFirestoreCombine-Community";
		};
		016F9DFC2BD6C87200DCC3AF /* FirebaseFirestoreSwift */ = {
			isa = XCSwiftPackageProductDependency;
			package = 016F9DDF2BD6C87200DCC3AF /* XCRemoteSwiftPackageReference "firebase-ios-sdk" */;
			productName = FirebaseFirestoreSwift;
		};
		016F9DFE2BD6C87200DCC3AF /* FirebaseFunctions */ = {
			isa = XCSwiftPackageProductDependency;
			package = 016F9DDF2BD6C87200DCC3AF /* XCRemoteSwiftPackageReference "firebase-ios-sdk" */;
			productName = FirebaseFunctions;
		};
		016F9E002BD6C87200DCC3AF /* FirebaseFunctionsCombine-Community */ = {
			isa = XCSwiftPackageProductDependency;
			package = 016F9DDF2BD6C87200DCC3AF /* XCRemoteSwiftPackageReference "firebase-ios-sdk" */;
			productName = "FirebaseFunctionsCombine-Community";
		};
		016F9E022BD6C87200DCC3AF /* FirebaseInAppMessaging-Beta */ = {
			isa = XCSwiftPackageProductDependency;
			package = 016F9DDF2BD6C87200DCC3AF /* XCRemoteSwiftPackageReference "firebase-ios-sdk" */;
			productName = "FirebaseInAppMessaging-Beta";
		};
		016F9E042BD6C87200DCC3AF /* FirebaseInAppMessagingSwift-Beta */ = {
			isa = XCSwiftPackageProductDependency;
			package = 016F9DDF2BD6C87200DCC3AF /* XCRemoteSwiftPackageReference "firebase-ios-sdk" */;
			productName = "FirebaseInAppMessagingSwift-Beta";
		};
		016F9E062BD6C87200DCC3AF /* FirebaseInstallations */ = {
			isa = XCSwiftPackageProductDependency;
			package = 016F9DDF2BD6C87200DCC3AF /* XCRemoteSwiftPackageReference "firebase-ios-sdk" */;
			productName = FirebaseInstallations;
		};
		016F9E082BD6C87200DCC3AF /* FirebaseMLModelDownloader */ = {
			isa = XCSwiftPackageProductDependency;
			package = 016F9DDF2BD6C87200DCC3AF /* XCRemoteSwiftPackageReference "firebase-ios-sdk" */;
			productName = FirebaseMLModelDownloader;
		};
		016F9E0A2BD6C87200DCC3AF /* FirebaseMessaging */ = {
			isa = XCSwiftPackageProductDependency;
			package = 016F9DDF2BD6C87200DCC3AF /* XCRemoteSwiftPackageReference "firebase-ios-sdk" */;
			productName = FirebaseMessaging;
		};
		016F9E0C2BD6C87200DCC3AF /* FirebasePerformance */ = {
			isa = XCSwiftPackageProductDependency;
			package = 016F9DDF2BD6C87200DCC3AF /* XCRemoteSwiftPackageReference "firebase-ios-sdk" */;
			productName = FirebasePerformance;
		};
		016F9E0E2BD6C87200DCC3AF /* FirebaseRemoteConfig */ = {
			isa = XCSwiftPackageProductDependency;
			package = 016F9DDF2BD6C87200DCC3AF /* XCRemoteSwiftPackageReference "firebase-ios-sdk" */;
			productName = FirebaseRemoteConfig;
		};
		016F9E102BD6C87200DCC3AF /* FirebaseRemoteConfigSwift */ = {
			isa = XCSwiftPackageProductDependency;
			package = 016F9DDF2BD6C87200DCC3AF /* XCRemoteSwiftPackageReference "firebase-ios-sdk" */;
			productName = FirebaseRemoteConfigSwift;
		};
		016F9E122BD6C87200DCC3AF /* FirebaseStorage */ = {
			isa = XCSwiftPackageProductDependency;
			package = 016F9DDF2BD6C87200DCC3AF /* XCRemoteSwiftPackageReference "firebase-ios-sdk" */;
			productName = FirebaseStorage;
		};
		016F9E142BD6C87200DCC3AF /* FirebaseStorageCombine-Community */ = {
			isa = XCSwiftPackageProductDependency;
			package = 016F9DDF2BD6C87200DCC3AF /* XCRemoteSwiftPackageReference "firebase-ios-sdk" */;
			productName = "FirebaseStorageCombine-Community";
		};
/* End XCSwiftPackageProductDependency section */
	};
	rootObject = 01B7D9942BD54EFD00CB8462 /* Project object */;
}
