// !$*UTF8*$!
{
	archiveVersion = 1;
	classes = {
	};
	objectVersion = 56;
	objects = {

/* Begin PBXBuildFile section */
		01B7D9A02BD54EFD00CB8462 /* AppDelegate.swift in Sources */ = {isa = PBXBuildFile; fileRef = 01B7D99F2BD54EFD00CB8462 /* AppDelegate.swift */; };
		01B7D9A22BD54EFD00CB8462 /* SceneDelegate.swift in Sources */ = {isa = PBXBuildFile; fileRef = 01B7D9A12BD54EFD00CB8462 /* SceneDelegate.swift */; };
		01B7D9A42BD54EFD00CB8462 /* RootViewController.swift in Sources */ = {isa = PBXBuildFile; fileRef = 01B7D9A32BD54EFD00CB8462 /* RootViewController.swift */; };
		01B7D9A92BD54EFF00CB8462 /* Assets.xcassets in Resources */ = {isa = PBXBuildFile; fileRef = 01B7D9A82BD54EFF00CB8462 /* Assets.xcassets */; };
		01B7D9AC2BD54EFF00CB8462 /* Base in Resources */ = {isa = PBXBuildFile; fileRef = 01B7D9AB2BD54EFF00CB8462 /* Base */; };
		01B7D9BA2BD5538200CB8462 /* SplashViewController.swift in Sources */ = {isa = PBXBuildFile; fileRef = 01B7D9B92BD5538200CB8462 /* SplashViewController.swift */; };
		01B7D9BD2BD5563A00CB8462 /* AuthorizationViewController.swift in Sources */ = {isa = PBXBuildFile; fileRef = 01B7D9BC2BD5563A00CB8462 /* AuthorizationViewController.swift */; };
		01B7D9C02BD5572300CB8462 /* MainTabBarController.swift in Sources */ = {isa = PBXBuildFile; fileRef = 01B7D9BF2BD5572300CB8462 /* MainTabBarController.swift */; };
		01B7D9C42BD55FBA00CB8462 /* extension + SceneDelegate.swift in Sources */ = {isa = PBXBuildFile; fileRef = 01B7D9C32BD55FBA00CB8462 /* extension + SceneDelegate.swift */; };
		01B7DA032BD5A89800CB8462 /* AuthorizantionView.swift in Sources */ = {isa = PBXBuildFile; fileRef = 01B7DA022BD5A89800CB8462 /* AuthorizantionView.swift */; };
		01B7DA052BD5AE7300CB8462 /* AuthorizationModel.swift in Sources */ = {isa = PBXBuildFile; fileRef = 01B7DA042BD5AE7300CB8462 /* AuthorizationModel.swift */; };
/* End PBXBuildFile section */

/* Begin PBXFileReference section */
		01B7D99C2BD54EFD00CB8462 /* MyApp.app */ = {isa = PBXFileReference; explicitFileType = wrapper.application; includeInIndex = 0; path = MyApp.app; sourceTree = BUILT_PRODUCTS_DIR; };
		01B7D99F2BD54EFD00CB8462 /* AppDelegate.swift */ = {isa = PBXFileReference; lastKnownFileType = sourcecode.swift; path = AppDelegate.swift; sourceTree = "<group>"; };
		01B7D9A12BD54EFD00CB8462 /* SceneDelegate.swift */ = {isa = PBXFileReference; lastKnownFileType = sourcecode.swift; path = SceneDelegate.swift; sourceTree = "<group>"; };
		01B7D9A32BD54EFD00CB8462 /* RootViewController.swift */ = {isa = PBXFileReference; lastKnownFileType = sourcecode.swift; path = RootViewController.swift; sourceTree = "<group>"; };
		01B7D9A82BD54EFF00CB8462 /* Assets.xcassets */ = {isa = PBXFileReference; lastKnownFileType = folder.assetcatalog; path = Assets.xcassets; sourceTree = "<group>"; };
		01B7D9AB2BD54EFF00CB8462 /* Base */ = {isa = PBXFileReference; lastKnownFileType = file.storyboard; name = Base; path = Base.lproj/LaunchScreen.storyboard; sourceTree = "<group>"; };
		01B7D9AD2BD54EFF00CB8462 /* Info.plist */ = {isa = PBXFileReference; lastKnownFileType = text.plist.xml; path = Info.plist; sourceTree = "<group>"; };
		01B7D9B92BD5538200CB8462 /* SplashViewController.swift */ = {isa = PBXFileReference; lastKnownFileType = sourcecode.swift; path = SplashViewController.swift; sourceTree = "<group>"; };
		01B7D9BC2BD5563A00CB8462 /* AuthorizationViewController.swift */ = {isa = PBXFileReference; lastKnownFileType = sourcecode.swift; path = AuthorizationViewController.swift; sourceTree = "<group>"; };
		01B7D9BF2BD5572300CB8462 /* MainTabBarController.swift */ = {isa = PBXFileReference; lastKnownFileType = sourcecode.swift; path = MainTabBarController.swift; sourceTree = "<group>"; };
		01B7D9C32BD55FBA00CB8462 /* extension + SceneDelegate.swift */ = {isa = PBXFileReference; lastKnownFileType = sourcecode.swift; path = "extension + SceneDelegate.swift"; sourceTree = "<group>"; };
		01B7DA022BD5A89800CB8462 /* AuthorizantionView.swift */ = {isa = PBXFileReference; lastKnownFileType = sourcecode.swift; path = AuthorizantionView.swift; sourceTree = "<group>"; };
		01B7DA042BD5AE7300CB8462 /* AuthorizationModel.swift */ = {isa = PBXFileReference; lastKnownFileType = sourcecode.swift; path = AuthorizationModel.swift; sourceTree = "<group>"; };
/* End PBXFileReference section */

/* Begin PBXFrameworksBuildPhase section */
		01B7D9992BD54EFD00CB8462 /* Frameworks */ = {
			isa = PBXFrameworksBuildPhase;
			buildActionMask = 2147483647;
			files = (
			);
			runOnlyForDeploymentPostprocessing = 0;
		};
/* End PBXFrameworksBuildPhase section */

/* Begin PBXGroup section */
		01B7D9932BD54EFD00CB8462 = {
			isa = PBXGroup;
			children = (
				01B7D99E2BD54EFD00CB8462 /* MyApp */,
				01B7D99D2BD54EFD00CB8462 /* Products */,
			);
			sourceTree = "<group>";
		};
		01B7D99D2BD54EFD00CB8462 /* Products */ = {
			isa = PBXGroup;
			children = (
				01B7D99C2BD54EFD00CB8462 /* MyApp.app */,
			);
			name = Products;
			sourceTree = "<group>";
		};
		01B7D99E2BD54EFD00CB8462 /* MyApp */ = {
			isa = PBXGroup;
			children = (
				01B7D9B32BD54FAC00CB8462 /* Application */,
				01B7D9B42BD54FFC00CB8462 /* Resources */,
				01B7D9B82BD5535900CB8462 /* Splash screen */,
				01B7D9BB2BD5560200CB8462 /* Authorization */,
				01B7D9B52BD552F600CB8462 /* RootViewController */,
				01B7D9BE2BD556D800CB8462 /* MainMyApp */,
			);
			path = MyApp;
			sourceTree = "<group>";
		};
		01B7D9B32BD54FAC00CB8462 /* Application */ = {
			isa = PBXGroup;
			children = (
				01B7D99F2BD54EFD00CB8462 /* AppDelegate.swift */,
				01B7D9A12BD54EFD00CB8462 /* SceneDelegate.swift */,
				01B7D9C32BD55FBA00CB8462 /* extension + SceneDelegate.swift */,
			);
			path = Application;
			sourceTree = "<group>";
		};
		01B7D9B42BD54FFC00CB8462 /* Resources */ = {
			isa = PBXGroup;
			children = (
				01B7D9A82BD54EFF00CB8462 /* Assets.xcassets */,
				01B7D9AA2BD54EFF00CB8462 /* LaunchScreen.storyboard */,
				01B7D9AD2BD54EFF00CB8462 /* Info.plist */,
			);
			path = Resources;
			sourceTree = "<group>";
		};
		01B7D9B52BD552F600CB8462 /* RootViewController */ = {
			isa = PBXGroup;
			children = (
				01B7D9A32BD54EFD00CB8462 /* RootViewController.swift */,
			);
			path = RootViewController;
			sourceTree = "<group>";
		};
		01B7D9B82BD5535900CB8462 /* Splash screen */ = {
			isa = PBXGroup;
			children = (
				01B7D9B92BD5538200CB8462 /* SplashViewController.swift */,
			);
			path = "Splash screen";
			sourceTree = "<group>";
		};
		01B7D9BB2BD5560200CB8462 /* Authorization */ = {
			isa = PBXGroup;
			children = (
				01B7D9BC2BD5563A00CB8462 /* AuthorizationViewController.swift */,
				01B7DA022BD5A89800CB8462 /* AuthorizantionView.swift */,
				01B7DA042BD5AE7300CB8462 /* AuthorizationModel.swift */,
			);
			path = Authorization;
			sourceTree = "<group>";
		};
		01B7D9BE2BD556D800CB8462 /* MainMyApp */ = {
			isa = PBXGroup;
			children = (
				01B7D9BF2BD5572300CB8462 /* MainTabBarController.swift */,
			);
			path = MainMyApp;
			sourceTree = "<group>";
		};
/* End PBXGroup section */

/* Begin PBXNativeTarget section */
		01B7D99B2BD54EFD00CB8462 /* MyApp */ = {
			isa = PBXNativeTarget;
			buildConfigurationList = 01B7D9B02BD54EFF00CB8462 /* Build configuration list for PBXNativeTarget "MyApp" */;
			buildPhases = (
				01B7D9982BD54EFD00CB8462 /* Sources */,
				01B7D9992BD54EFD00CB8462 /* Frameworks */,
				01B7D99A2BD54EFD00CB8462 /* Resources */,
			);
			buildRules = (
			);
			dependencies = (
			);
			name = MyApp;
			productName = MyApp;
			productReference = 01B7D99C2BD54EFD00CB8462 /* MyApp.app */;
			productType = "com.apple.product-type.application";
		};
/* End PBXNativeTarget section */

/* Begin PBXProject section */
		01B7D9942BD54EFD00CB8462 /* Project object */ = {
			isa = PBXProject;
			attributes = {
				BuildIndependentTargetsInParallel = 1;
				LastSwiftUpdateCheck = 1530;
				LastUpgradeCheck = 1530;
				TargetAttributes = {
					01B7D99B2BD54EFD00CB8462 = {
						CreatedOnToolsVersion = 15.3;
					};
				};
			};
			buildConfigurationList = 01B7D9972BD54EFD00CB8462 /* Build configuration list for PBXProject "MyApp" */;
			compatibilityVersion = "Xcode 14.0";
			developmentRegion = en;
			hasScannedForEncodings = 0;
			knownRegions = (
				en,
				Base,
			);
			mainGroup = 01B7D9932BD54EFD00CB8462;
			productRefGroup = 01B7D99D2BD54EFD00CB8462 /* Products */;
			projectDirPath = "";
			projectRoot = "";
			targets = (
				01B7D99B2BD54EFD00CB8462 /* MyApp */,
			);
		};
/* End PBXProject section */

/* Begin PBXResourcesBuildPhase section */
		01B7D99A2BD54EFD00CB8462 /* Resources */ = {
			isa = PBXResourcesBuildPhase;
			buildActionMask = 2147483647;
			files = (
				01B7D9A92BD54EFF00CB8462 /* Assets.xcassets in Resources */,
				01B7D9AC2BD54EFF00CB8462 /* Base in Resources */,
			);
			runOnlyForDeploymentPostprocessing = 0;
		};
/* End PBXResourcesBuildPhase section */

/* Begin PBXSourcesBuildPhase section */
		01B7D9982BD54EFD00CB8462 /* Sources */ = {
			isa = PBXSourcesBuildPhase;
			buildActionMask = 2147483647;
			files = (
				01B7D9A42BD54EFD00CB8462 /* RootViewController.swift in Sources */,
				01B7D9A02BD54EFD00CB8462 /* AppDelegate.swift in Sources */,
				01B7D9C02BD5572300CB8462 /* MainTabBarController.swift in Sources */,
				01B7D9A22BD54EFD00CB8462 /* SceneDelegate.swift in Sources */,
				01B7D9BD2BD5563A00CB8462 /* AuthorizationViewController.swift in Sources */,
				01B7DA052BD5AE7300CB8462 /* AuthorizationModel.swift in Sources */,
				01B7DA032BD5A89800CB8462 /* AuthorizantionView.swift in Sources */,
				01B7D9BA2BD5538200CB8462 /* SplashViewController.swift in Sources */,
				01B7D9C42BD55FBA00CB8462 /* extension + SceneDelegate.swift in Sources */,
			);
			runOnlyForDeploymentPostprocessing = 0;
		};
/* End PBXSourcesBuildPhase section */

/* Begin PBXVariantGroup section */
		01B7D9AA2BD54EFF00CB8462 /* LaunchScreen.storyboard */ = {
			isa = PBXVariantGroup;
			children = (
				01B7D9AB2BD54EFF00CB8462 /* Base */,
			);
			name = LaunchScreen.storyboard;
			sourceTree = "<group>";
		};
/* End PBXVariantGroup section */

/* Begin XCBuildConfiguration section */
		01B7D9AE2BD54EFF00CB8462 /* Debug */ = {
			isa = XCBuildConfiguration;
			buildSettings = {
				ALWAYS_SEARCH_USER_PATHS = NO;
				ASSETCATALOG_COMPILER_GENERATE_SWIFT_ASSET_SYMBOL_EXTENSIONS = YES;
				CLANG_ANALYZER_NONNULL = YES;
				CLANG_ANALYZER_NUMBER_OBJECT_CONVERSION = YES_AGGRESSIVE;
				CLANG_CXX_LANGUAGE_STANDARD = "gnu++20";
				CLANG_ENABLE_MODULES = YES;
				CLANG_ENABLE_OBJC_ARC = YES;
				CLANG_ENABLE_OBJC_WEAK = YES;
				CLANG_WARN_BLOCK_CAPTURE_AUTORELEASING = YES;
				CLANG_WARN_BOOL_CONVERSION = YES;
				CLANG_WARN_COMMA = YES;
				CLANG_WARN_CONSTANT_CONVERSION = YES;
				CLANG_WARN_DEPRECATED_OBJC_IMPLEMENTATIONS = YES;
				CLANG_WARN_DIRECT_OBJC_ISA_USAGE = YES_ERROR;
				CLANG_WARN_DOCUMENTATION_COMMENTS = YES;
				CLANG_WARN_EMPTY_BODY = YES;
				CLANG_WARN_ENUM_CONVERSION = YES;
				CLANG_WARN_INFINITE_RECURSION = YES;
				CLANG_WARN_INT_CONVERSION = YES;
				CLANG_WARN_NON_LITERAL_NULL_CONVERSION = YES;
				CLANG_WARN_OBJC_IMPLICIT_RETAIN_SELF = YES;
				CLANG_WARN_OBJC_LITERAL_CONVERSION = YES;
				CLANG_WARN_OBJC_ROOT_CLASS = YES_ERROR;
				CLANG_WARN_QUOTED_INCLUDE_IN_FRAMEWORK_HEADER = YES;
				CLANG_WARN_RANGE_LOOP_ANALYSIS = YES;
				CLANG_WARN_STRICT_PROTOTYPES = YES;
				CLANG_WARN_SUSPICIOUS_MOVE = YES;
				CLANG_WARN_UNGUARDED_AVAILABILITY = YES_AGGRESSIVE;
				CLANG_WARN_UNREACHABLE_CODE = YES;
				CLANG_WARN__DUPLICATE_METHOD_MATCH = YES;
				COPY_PHASE_STRIP = NO;
				DEBUG_INFORMATION_FORMAT = dwarf;
				ENABLE_STRICT_OBJC_MSGSEND = YES;
				ENABLE_TESTABILITY = YES;
				ENABLE_USER_SCRIPT_SANDBOXING = YES;
				GCC_C_LANGUAGE_STANDARD = gnu17;
				GCC_DYNAMIC_NO_PIC = NO;
				GCC_NO_COMMON_BLOCKS = YES;
				GCC_OPTIMIZATION_LEVEL = 0;
				GCC_PREPROCESSOR_DEFINITIONS = (
					"DEBUG=1",
					"$(inherited)",
				);
				GCC_WARN_64_TO_32_BIT_CONVERSION = YES;
				GCC_WARN_ABOUT_RETURN_TYPE = YES_ERROR;
				GCC_WARN_UNDECLARED_SELECTOR = YES;
				GCC_WARN_UNINITIALIZED_AUTOS = YES_AGGRESSIVE;
				GCC_WARN_UNUSED_FUNCTION = YES;
				GCC_WARN_UNUSED_VARIABLE = YES;
				IPHONEOS_DEPLOYMENT_TARGET = 17.4;
				LOCALIZATION_PREFERS_STRING_CATALOGS = YES;
				MTL_ENABLE_DEBUG_INFO = INCLUDE_SOURCE;
				MTL_FAST_MATH = YES;
				ONLY_ACTIVE_ARCH = YES;
				SDKROOT = iphoneos;
				SWIFT_ACTIVE_COMPILATION_CONDITIONS = "DEBUG $(inherited)";
				SWIFT_OPTIMIZATION_LEVEL = "-Onone";
			};
			name = Debug;
		};
		01B7D9AF2BD54EFF00CB8462 /* Release */ = {
			isa = XCBuildConfiguration;
			buildSettings = {
				ALWAYS_SEARCH_USER_PATHS = NO;
				ASSETCATALOG_COMPILER_GENERATE_SWIFT_ASSET_SYMBOL_EXTENSIONS = YES;
				CLANG_ANALYZER_NONNULL = YES;
				CLANG_ANALYZER_NUMBER_OBJECT_CONVERSION = YES_AGGRESSIVE;
				CLANG_CXX_LANGUAGE_STANDARD = "gnu++20";
				CLANG_ENABLE_MODULES = YES;
				CLANG_ENABLE_OBJC_ARC = YES;
				CLANG_ENABLE_OBJC_WEAK = YES;
				CLANG_WARN_BLOCK_CAPTURE_AUTORELEASING = YES;
				CLANG_WARN_BOOL_CONVERSION = YES;
				CLANG_WARN_COMMA = YES;
				CLANG_WARN_CONSTANT_CONVERSION = YES;
				CLANG_WARN_DEPRECATED_OBJC_IMPLEMENTATIONS = YES;
				CLANG_WARN_DIRECT_OBJC_ISA_USAGE = YES_ERROR;
				CLANG_WARN_DOCUMENTATION_COMMENTS = YES;
				CLANG_WARN_EMPTY_BODY = YES;
				CLANG_WARN_ENUM_CONVERSION = YES;
				CLANG_WARN_INFINITE_RECURSION = YES;
				CLANG_WARN_INT_CONVERSION = YES;
				CLANG_WARN_NON_LITERAL_NULL_CONVERSION = YES;
				CLANG_WARN_OBJC_IMPLICIT_RETAIN_SELF = YES;
				CLANG_WARN_OBJC_LITERAL_CONVERSION = YES;
				CLANG_WARN_OBJC_ROOT_CLASS = YES_ERROR;
				CLANG_WARN_QUOTED_INCLUDE_IN_FRAMEWORK_HEADER = YES;
				CLANG_WARN_RANGE_LOOP_ANALYSIS = YES;
				CLANG_WARN_STRICT_PROTOTYPES = YES;
				CLANG_WARN_SUSPICIOUS_MOVE = YES;
				CLANG_WARN_UNGUARDED_AVAILABILITY = YES_AGGRESSIVE;
				CLANG_WARN_UNREACHABLE_CODE = YES;
				CLANG_WARN__DUPLICATE_METHOD_MATCH = YES;
				COPY_PHASE_STRIP = NO;
				DEBUG_INFORMATION_FORMAT = "dwarf-with-dsym";
				ENABLE_NS_ASSERTIONS = NO;
				ENABLE_STRICT_OBJC_MSGSEND = YES;
				ENABLE_USER_SCRIPT_SANDBOXING = YES;
				GCC_C_LANGUAGE_STANDARD = gnu17;
				GCC_NO_COMMON_BLOCKS = YES;
				GCC_WARN_64_TO_32_BIT_CONVERSION = YES;
				GCC_WARN_ABOUT_RETURN_TYPE = YES_ERROR;
				GCC_WARN_UNDECLARED_SELECTOR = YES;
				GCC_WARN_UNINITIALIZED_AUTOS = YES_AGGRESSIVE;
				GCC_WARN_UNUSED_FUNCTION = YES;
				GCC_WARN_UNUSED_VARIABLE = YES;
				IPHONEOS_DEPLOYMENT_TARGET = 17.4;
				LOCALIZATION_PREFERS_STRING_CATALOGS = YES;
				MTL_ENABLE_DEBUG_INFO = NO;
				MTL_FAST_MATH = YES;
				SDKROOT = iphoneos;
				SWIFT_COMPILATION_MODE = wholemodule;
				VALIDATE_PRODUCT = YES;
			};
			name = Release;
		};
		01B7D9B12BD54EFF00CB8462 /* Debug */ = {
			isa = XCBuildConfiguration;
			buildSettings = {
				ASSETCATALOG_COMPILER_APPICON_NAME = AppIcon;
				ASSETCATALOG_COMPILER_GLOBAL_ACCENT_COLOR_NAME = AccentColor;
				CODE_SIGN_STYLE = Automatic;
				CURRENT_PROJECT_VERSION = 1;
				DEVELOPMENT_TEAM = 57V9Y33D2J;
				GENERATE_INFOPLIST_FILE = YES;
				INFOPLIST_FILE = MyApp/Resources/Info.plist;
				INFOPLIST_KEY_UIApplicationSupportsIndirectInputEvents = YES;
				INFOPLIST_KEY_UILaunchStoryboardName = LaunchScreen;
				INFOPLIST_KEY_UISupportedInterfaceOrientations_iPad = "UIInterfaceOrientationPortrait UIInterfaceOrientationPortraitUpsideDown UIInterfaceOrientationLandscapeLeft UIInterfaceOrientationLandscapeRight";
				INFOPLIST_KEY_UISupportedInterfaceOrientations_iPhone = "UIInterfaceOrientationPortrait UIInterfaceOrientationLandscapeLeft UIInterfaceOrientationLandscapeRight";
				LD_RUNPATH_SEARCH_PATHS = (
					"$(inherited)",
					"@executable_path/Frameworks",
				);
				MARKETING_VERSION = 1.0;
				PRODUCT_BUNDLE_IDENTIFIER = tms.by.MyApp;
				PRODUCT_NAME = "$(TARGET_NAME)";
				SWIFT_EMIT_LOC_STRINGS = YES;
				SWIFT_VERSION = 5.0;
				TARGETED_DEVICE_FAMILY = "1,2";
			};
			name = Debug;
		};
		01B7D9B22BD54EFF00CB8462 /* Release */ = {
			isa = XCBuildConfiguration;
			buildSettings = {
				ASSETCATALOG_COMPILER_APPICON_NAME = AppIcon;
				ASSETCATALOG_COMPILER_GLOBAL_ACCENT_COLOR_NAME = AccentColor;
				CODE_SIGN_STYLE = Automatic;
				CURRENT_PROJECT_VERSION = 1;
				DEVELOPMENT_TEAM = 57V9Y33D2J;
				GENERATE_INFOPLIST_FILE = YES;
				INFOPLIST_FILE = MyApp/Resources/Info.plist;
				INFOPLIST_KEY_UIApplicationSupportsIndirectInputEvents = YES;
				INFOPLIST_KEY_UILaunchStoryboardName = LaunchScreen;
				INFOPLIST_KEY_UISupportedInterfaceOrientations_iPad = "UIInterfaceOrientationPortrait UIInterfaceOrientationPortraitUpsideDown UIInterfaceOrientationLandscapeLeft UIInterfaceOrientationLandscapeRight";
				INFOPLIST_KEY_UISupportedInterfaceOrientations_iPhone = "UIInterfaceOrientationPortrait UIInterfaceOrientationLandscapeLeft UIInterfaceOrientationLandscapeRight";
				LD_RUNPATH_SEARCH_PATHS = (
					"$(inherited)",
					"@executable_path/Frameworks",
				);
				MARKETING_VERSION = 1.0;
				PRODUCT_BUNDLE_IDENTIFIER = tms.by.MyApp;
				PRODUCT_NAME = "$(TARGET_NAME)";
				SWIFT_EMIT_LOC_STRINGS = YES;
				SWIFT_VERSION = 5.0;
				TARGETED_DEVICE_FAMILY = "1,2";
			};
			name = Release;
		};
/* End XCBuildConfiguration section */

/* Begin XCConfigurationList section */
		01B7D9972BD54EFD00CB8462 /* Build configuration list for PBXProject "MyApp" */ = {
			isa = XCConfigurationList;
			buildConfigurations = (
				01B7D9AE2BD54EFF00CB8462 /* Debug */,
				01B7D9AF2BD54EFF00CB8462 /* Release */,
			);
			defaultConfigurationIsVisible = 0;
			defaultConfigurationName = Release;
		};
		01B7D9B02BD54EFF00CB8462 /* Build configuration list for PBXNativeTarget "MyApp" */ = {
			isa = XCConfigurationList;
			buildConfigurations = (
				01B7D9B12BD54EFF00CB8462 /* Debug */,
				01B7D9B22BD54EFF00CB8462 /* Release */,
			);
			defaultConfigurationIsVisible = 0;
			defaultConfigurationName = Release;
		};
/* End XCConfigurationList section */
	};
	rootObject = 01B7D9942BD54EFD00CB8462 /* Project object */;
}
